
Microsoft Visual Studio Solution File, Format Version 12.00
# Visual Studio Version 16
VisualStudioVersion = 16.0.31424.327
MinimumVisualStudioVersion = 10.0.40219.1
Project("{FAE04EC0-301F-11D3-BF4B-00C04F79EFBC}") = "API", "API\API.csproj", "{95FCA492-7C9F-4797-90C6-44C67D849862}"
EndProject
Global
	GlobalSection(SolutionConfigurationPlatforms) = preSolution
		Debug|Any CPU = Debug|Any CPU
		Release|Any CPU = Release|Any CPU
	EndGlobalSection
	GlobalSection(ProjectConfigurationPlatforms) = postSolution
		{95FCA492-7C9F-4797-90C6-44C67D849862}.Debug|Any CPU.ActiveCfg = Debug|Any CPU
		{95FCA492-7C9F-4797-90C6-44C67D849862}.Debug|Any CPU.Build.0 = Debug|Any CPU
		{95FCA492-7C9F-4797-90C6-44C67D849862}.Release|Any CPU.ActiveCfg = Release|Any CPU
		{95FCA492-7C9F-4797-90C6-44C67D849862}.Release|Any CPU.Build.0 = Release|Any CPU
	EndGlobalSection
	GlobalSection(SolutionProperties) = preSolution
		HideSolutionNode = FALSE
	EndGlobalSection
	GlobalSection(ExtensibilityGlobals) = postSolution
		SolutionGuid = {2D4735EF-A5E0-402D-A144-0692E31DB8A1}
	EndGlobalSection
EndGlobal
